
Microsoft Visual Studio Solution File, Format Version 12.00
# Visual Studio Version 16
VisualStudioVersion = 16.0.29519.181
MinimumVisualStudioVersion = 10.0.40219.1
Project("{2150E333-8FDC-42A3-9474-1A3956D46DE8}") = "IdentityServer", "IdentityServer", "{8D0BC931-58D2-44E0-8030-7F698640F27E}"
EndProject
Project("{FAE04EC0-301F-11D3-BF4B-00C04F79EFBC}") = "IdentityServerCenter", "IdentityServerCenter\IdentityServerCenter.csproj", "{788827ED-C8F5-488B-A32F-59D8E9C0B877}"
EndProject
Project("{FAE04EC0-301F-11D3-BF4B-00C04F79EFBC}") = "ImplictClient", "ImplictClient\ImplictClient.csproj", "{D03DD56D-E85E-4AED-A5EE-0F247851484E}"
EndProject
Global
	GlobalSection(SolutionConfigurationPlatforms) = preSolution
		Debug|Any CPU = Debug|Any CPU
		Release|Any CPU = Release|Any CPU
	EndGlobalSection
	GlobalSection(ProjectConfigurationPlatforms) = postSolution
		{788827ED-C8F5-488B-A32F-59D8E9C0B877}.Debug|Any CPU.ActiveCfg = Debug|Any CPU
		{788827ED-C8F5-488B-A32F-59D8E9C0B877}.Debug|Any CPU.Build.0 = Debug|Any CPU
		{788827ED-C8F5-488B-A32F-59D8E9C0B877}.Release|Any CPU.ActiveCfg = Release|Any CPU
		{788827ED-C8F5-488B-A32F-59D8E9C0B877}.Release|Any CPU.Build.0 = Release|Any CPU
		{D03DD56D-E85E-4AED-A5EE-0F247851484E}.Debug|Any CPU.ActiveCfg = Debug|Any CPU
		{D03DD56D-E85E-4AED-A5EE-0F247851484E}.Debug|Any CPU.Build.0 = Debug|Any CPU
		{D03DD56D-E85E-4AED-A5EE-0F247851484E}.Release|Any CPU.ActiveCfg = Release|Any CPU
		{D03DD56D-E85E-4AED-A5EE-0F247851484E}.Release|Any CPU.Build.0 = Release|Any CPU
	EndGlobalSection
	GlobalSection(SolutionProperties) = preSolution
		HideSolutionNode = FALSE
	EndGlobalSection
	GlobalSection(NestedProjects) = preSolution
		{788827ED-C8F5-488B-A32F-59D8E9C0B877} = {8D0BC931-58D2-44E0-8030-7F698640F27E}
		{D03DD56D-E85E-4AED-A5EE-0F247851484E} = {8D0BC931-58D2-44E0-8030-7F698640F27E}
	EndGlobalSection
	GlobalSection(ExtensibilityGlobals) = postSolution
		SolutionGuid = {2529D5FE-CC7B-4BCB-9A01-2D1FF3E3F136}
	EndGlobalSection
EndGlobal
